// !$*UTF8*$!
{
	archiveVersion = 1;
	classes = {
	};
	objectVersion = 46;
	objects = {

/* Begin PBXBuildFile section */
		A26DE5A115C9C9EB0086B762 /* UIKit.framework in Frameworks */ = {isa = PBXBuildFile; fileRef = A26DE5A015C9C9EB0086B762 /* UIKit.framework */; };
		A26DE5A315C9C9EB0086B762 /* Foundation.framework in Frameworks */ = {isa = PBXBuildFile; fileRef = A26DE5A215C9C9EB0086B762 /* Foundation.framework */; };
		A26DE5A515C9C9EB0086B762 /* CoreGraphics.framework in Frameworks */ = {isa = PBXBuildFile; fileRef = A26DE5A415C9C9EB0086B762 /* CoreGraphics.framework */; };
		A26DE5AB15C9C9EB0086B762 /* InfoPlist.strings in Resources */ = {isa = PBXBuildFile; fileRef = A26DE5A915C9C9EB0086B762 /* InfoPlist.strings */; };
		A26DE5AD15C9C9EB0086B762 /* main.m in Sources */ = {isa = PBXBuildFile; fileRef = A26DE5AC15C9C9EB0086B762 /* main.m */; };
		A26DE5B115C9C9EB0086B762 /* AppDelegate.m in Sources */ = {isa = PBXBuildFile; fileRef = A26DE5B015C9C9EB0086B762 /* AppDelegate.m */; };
		A26DE5B415C9C9EB0086B762 /* ViewController.m in Sources */ = {isa = PBXBuildFile; fileRef = A26DE5B315C9C9EB0086B762 /* ViewController.m */; };
		A26DE5B715C9C9EB0086B762 /* ViewController.xib in Resources */ = {isa = PBXBuildFile; fileRef = A26DE5B515C9C9EB0086B762 /* ViewController.xib */; };
		A26DE5C315C9CAE90086B762 /* UINavigationController+Persistence.m in Sources */ = {isa = PBXBuildFile; fileRef = A26DE5C215C9CAE90086B762 /* UINavigationController+Persistence.m */; };
/* End PBXBuildFile section */

/* Begin PBXFileReference section */
		A26DE59C15C9C9EB0086B762 /* NavigationTest.app */ = {isa = PBXFileReference; explicitFileType = wrapper.application; includeInIndex = 0; path = NavigationTest.app; sourceTree = BUILT_PRODUCTS_DIR; };
		A26DE5A015C9C9EB0086B762 /* UIKit.framework */ = {isa = PBXFileReference; lastKnownFileType = wrapper.framework; name = UIKit.framework; path = System/Library/Frameworks/UIKit.framework; sourceTree = SDKROOT; };
		A26DE5A215C9C9EB0086B762 /* Foundation.framework */ = {isa = PBXFileReference; lastKnownFileType = wrapper.framework; name = Foundation.framework; path = System/Library/Frameworks/Foundation.framework; sourceTree = SDKROOT; };
		A26DE5A415C9C9EB0086B762 /* CoreGraphics.framework */ = {isa = PBXFileReference; lastKnownFileType = wrapper.framework; name = CoreGraphics.framework; path = System/Library/Frameworks/CoreGraphics.framework; sourceTree = SDKROOT; };
		A26DE5A815C9C9EB0086B762 /* NavigationTest-Info.plist */ = {isa = PBXFileReference; lastKnownFileType = text.plist.xml; path = "NavigationTest-Info.plist"; sourceTree = "<group>"; };
		A26DE5AA15C9C9EB0086B762 /* en */ = {isa = PBXFileReference; lastKnownFileType = text.plist.strings; name = en; path = en.lproj/InfoPlist.strings; sourceTree = "<group>"; };
		A26DE5AC15C9C9EB0086B762 /* main.m */ = {isa = PBXFileReference; lastKnownFileType = sourcecode.c.objc; path = main.m; sourceTree = "<group>"; };
		A26DE5AE15C9C9EB0086B762 /* NavigationTest-Prefix.pch */ = {isa = PBXFileReference; lastKnownFileType = sourcecode.c.h; path = "NavigationTest-Prefix.pch"; sourceTree = "<group>"; };
		A26DE5AF15C9C9EB0086B762 /* AppDelegate.h */ = {isa = PBXFileReference; lastKnownFileType = sourcecode.c.h; path = AppDelegate.h; sourceTree = "<group>"; };
		A26DE5B015C9C9EB0086B762 /* AppDelegate.m */ = {isa = PBXFileReference; lastKnownFileType = sourcecode.c.objc; path = AppDelegate.m; sourceTree = "<group>"; };
		A26DE5B215C9C9EB0086B762 /* ViewController.h */ = {isa = PBXFileReference; lastKnownFileType = sourcecode.c.h; path = ViewController.h; sourceTree = "<group>"; };
		A26DE5B315C9C9EB0086B762 /* ViewController.m */ = {isa = PBXFileReference; lastKnownFileType = sourcecode.c.objc; path = ViewController.m; sourceTree = "<group>"; };
		A26DE5B615C9C9EB0086B762 /* en */ = {isa = PBXFileReference; lastKnownFileType = file.xib; name = en; path = en.lproj/ViewController.xib; sourceTree = "<group>"; };
		A26DE5C115C9CAE90086B762 /* UINavigationController+Persistence.h */ = {isa = PBXFileReference; fileEncoding = 4; lastKnownFileType = sourcecode.c.h; path = "UINavigationController+Persistence.h"; sourceTree = "<group>"; };
		A26DE5C215C9CAE90086B762 /* UINavigationController+Persistence.m */ = {isa = PBXFileReference; fileEncoding = 4; lastKnownFileType = sourcecode.c.objc; path = "UINavigationController+Persistence.m"; sourceTree = "<group>"; };
/* End PBXFileReference section */

/* Begin PBXFrameworksBuildPhase section */
		A26DE59915C9C9EB0086B762 /* Frameworks */ = {
			isa = PBXFrameworksBuildPhase;
			buildActionMask = 2147483647;
			files = (
				A26DE5A115C9C9EB0086B762 /* UIKit.framework in Frameworks */,
				A26DE5A315C9C9EB0086B762 /* Foundation.framework in Frameworks */,
				A26DE5A515C9C9EB0086B762 /* CoreGraphics.framework in Frameworks */,
			);
			runOnlyForDeploymentPostprocessing = 0;
		};
/* End PBXFrameworksBuildPhase section */

/* Begin PBXGroup section */
		A26DE59115C9C9EB0086B762 = {
			isa = PBXGroup;
			children = (
				A26DE5A615C9C9EB0086B762 /* NavigationTest */,
				A26DE59F15C9C9EB0086B762 /* Frameworks */,
				A26DE59D15C9C9EB0086B762 /* Products */,
			);
			sourceTree = "<group>";
		};
		A26DE59D15C9C9EB0086B762 /* Products */ = {
			isa = PBXGroup;
			children = (
				A26DE59C15C9C9EB0086B762 /* NavigationTest.app */,
			);
			name = Products;
			sourceTree = "<group>";
		};
		A26DE59F15C9C9EB0086B762 /* Frameworks */ = {
			isa = PBXGroup;
			children = (
				A26DE5A015C9C9EB0086B762 /* UIKit.framework */,
				A26DE5A215C9C9EB0086B762 /* Foundation.framework */,
				A26DE5A415C9C9EB0086B762 /* CoreGraphics.framework */,
			);
			name = Frameworks;
			sourceTree = "<group>";
		};
		A26DE5A615C9C9EB0086B762 /* NavigationTest */ = {
			isa = PBXGroup;
			children = (
				A26DE5C015C9CAC40086B762 /* Categories */,
				A26DE5AF15C9C9EB0086B762 /* AppDelegate.h */,
				A26DE5B015C9C9EB0086B762 /* AppDelegate.m */,
				A26DE5B215C9C9EB0086B762 /* ViewController.h */,
				A26DE5B315C9C9EB0086B762 /* ViewController.m */,
				A26DE5B515C9C9EB0086B762 /* ViewController.xib */,
				A26DE5A715C9C9EB0086B762 /* Supporting Files */,
			);
			path = NavigationTest;
			sourceTree = "<group>";
		};
		A26DE5A715C9C9EB0086B762 /* Supporting Files */ = {
			isa = PBXGroup;
			children = (
				A26DE5A815C9C9EB0086B762 /* NavigationTest-Info.plist */,
				A26DE5A915C9C9EB0086B762 /* InfoPlist.strings */,
				A26DE5AC15C9C9EB0086B762 /* main.m */,
				A26DE5AE15C9C9EB0086B762 /* NavigationTest-Prefix.pch */,
			);
			name = "Supporting Files";
			sourceTree = "<group>";
		};
		A26DE5C015C9CAC40086B762 /* Categories */ = {
			isa = PBXGroup;
			children = (
				A26DE5C115C9CAE90086B762 /* UINavigationController+Persistence.h */,
				A26DE5C215C9CAE90086B762 /* UINavigationController+Persistence.m */,
			);
			name = Categories;
			sourceTree = "<group>";
		};
/* End PBXGroup section */

/* Begin PBXNativeTarget section */
		A26DE59B15C9C9EB0086B762 /* NavigationTest */ = {
			isa = PBXNativeTarget;
			buildConfigurationList = A26DE5BD15C9C9EB0086B762 /* Build configuration list for PBXNativeTarget "NavigationTest" */;
			buildPhases = (
				A26DE59815C9C9EB0086B762 /* Sources */,
				A26DE59915C9C9EB0086B762 /* Frameworks */,
				A26DE59A15C9C9EB0086B762 /* Resources */,
			);
			buildRules = (
			);
			dependencies = (
			);
			name = NavigationTest;
			productName = NavigationTest;
			productReference = A26DE59C15C9C9EB0086B762 /* NavigationTest.app */;
			productType = "com.apple.product-type.application";
		};
/* End PBXNativeTarget section */

/* Begin PBXProject section */
		A26DE59315C9C9EB0086B762 /* Project object */ = {
			isa = PBXProject;
			attributes = {
				LastUpgradeCheck = 0440;
				ORGANIZATIONNAME = "Sam Green";
			};
			buildConfigurationList = A26DE59615C9C9EB0086B762 /* Build configuration list for PBXProject "NavigationTest" */;
			compatibilityVersion = "Xcode 3.2";
			developmentRegion = English;
			hasScannedForEncodings = 0;
			knownRegions = (
				en,
			);
			mainGroup = A26DE59115C9C9EB0086B762;
			productRefGroup = A26DE59D15C9C9EB0086B762 /* Products */;
			projectDirPath = "";
			projectRoot = "";
			targets = (
				A26DE59B15C9C9EB0086B762 /* NavigationTest */,
			);
		};
/* End PBXProject section */

/* Begin PBXResourcesBuildPhase section */
		A26DE59A15C9C9EB0086B762 /* Resources */ = {
			isa = PBXResourcesBuildPhase;
			buildActionMask = 2147483647;
			files = (
				A26DE5AB15C9C9EB0086B762 /* InfoPlist.strings in Resources */,
				A26DE5B715C9C9EB0086B762 /* ViewController.xib in Resources */,
			);
			runOnlyForDeploymentPostprocessing = 0;
		};
/* End PBXResourcesBuildPhase section */

/* Begin PBXSourcesBuildPhase section */
		A26DE59815C9C9EB0086B762 /* Sources */ = {
			isa = PBXSourcesBuildPhase;
			buildActionMask = 2147483647;
			files = (
				A26DE5AD15C9C9EB0086B762 /* main.m in Sources */,
				A26DE5B115C9C9EB0086B762 /* AppDelegate.m in Sources */,
				A26DE5B415C9C9EB0086B762 /* ViewController.m in Sources */,
				A26DE5C315C9CAE90086B762 /* UINavigationController+Persistence.m in Sources */,
			);
			runOnlyForDeploymentPostprocessing = 0;
		};
/* End PBXSourcesBuildPhase section */

/* Begin PBXVariantGroup section */
		A26DE5A915C9C9EB0086B762 /* InfoPlist.strings */ = {
			isa = PBXVariantGroup;
			children = (
				A26DE5AA15C9C9EB0086B762 /* en */,
			);
			name = InfoPlist.strings;
			sourceTree = "<group>";
		};
		A26DE5B515C9C9EB0086B762 /* ViewController.xib */ = {
			isa = PBXVariantGroup;
			children = (
				A26DE5B615C9C9EB0086B762 /* en */,
			);
			name = ViewController.xib;
			sourceTree = "<group>";
		};
/* End PBXVariantGroup section */

/* Begin XCBuildConfiguration section */
		A26DE5BB15C9C9EB0086B762 /* Debug */ = {
			isa = XCBuildConfiguration;
			buildSettings = {
				ALWAYS_SEARCH_USER_PATHS = NO;
				ARCHS = "$(ARCHS_STANDARD_32_BIT)";
				CLANG_CXX_LANGUAGE_STANDARD = "gnu++0x";
				CLANG_WARN__DUPLICATE_METHOD_MATCH = YES;
				"CODE_SIGN_IDENTITY[sdk=iphoneos*]" = "iPhone Developer";
				COPY_PHASE_STRIP = NO;
				GCC_C_LANGUAGE_STANDARD = gnu99;
				GCC_DYNAMIC_NO_PIC = NO;
				GCC_OPTIMIZATION_LEVEL = 0;
				GCC_PREPROCESSOR_DEFINITIONS = (
					"DEBUG=1",
					"$(inherited)",
				);
				GCC_SYMBOLS_PRIVATE_EXTERN = NO;
				GCC_VERSION = com.apple.compilers.llvm.clang.1_0;
				GCC_WARN_ABOUT_RETURN_TYPE = YES;
				GCC_WARN_UNINITIALIZED_AUTOS = YES;
				GCC_WARN_UNUSED_VARIABLE = YES;
				IPHONEOS_DEPLOYMENT_TARGET = 5.1;
				SDKROOT = iphoneos;
				TARGETED_DEVICE_FAMILY = "1,2";
			};
			name = Debug;
		};
		A26DE5BC15C9C9EB0086B762 /* Release */ = {
			isa = XCBuildConfiguration;
			buildSettings = {
				ALWAYS_SEARCH_USER_PATHS = NO;
				ARCHS = "$(ARCHS_STANDARD_32_BIT)";
				CLANG_CXX_LANGUAGE_STANDARD = "gnu++0x";
				CLANG_WARN__DUPLICATE_METHOD_MATCH = YES;
				"CODE_SIGN_IDENTITY[sdk=iphoneos*]" = "iPhone Developer";
				COPY_PHASE_STRIP = YES;
				GCC_C_LANGUAGE_STANDARD = gnu99;
				GCC_VERSION = com.apple.compilers.llvm.clang.1_0;
				GCC_WARN_ABOUT_RETURN_TYPE = YES;
				GCC_WARN_UNINITIALIZED_AUTOS = YES;
				GCC_WARN_UNUSED_VARIABLE = YES;
				IPHONEOS_DEPLOYMENT_TARGET = 5.1;
				OTHER_CFLAGS = "-DNS_BLOCK_ASSERTIONS=1";
				SDKROOT = iphoneos;
				TARGETED_DEVICE_FAMILY = "1,2";
				VALIDATE_PRODUCT = YES;
			};
			name = Release;
		};
		A26DE5BE15C9C9EB0086B762 /* Debug */ = {
			isa = XCBuildConfiguration;
			buildSettings = {
				GCC_PRECOMPILE_PREFIX_HEADER = YES;
				GCC_PREFIX_HEADER = "NavigationTest/NavigationTest-Prefix.pch";
				INFOPLIST_FILE = "NavigationTest/NavigationTest-Info.plist";
				PRODUCT_NAME = "$(TARGET_NAME)";
				WRAPPER_EXTENSION = app;
			};
			name = Debug;
		};
		A26DE5BF15C9C9EB0086B762 /* Release */ = {
			isa = XCBuildConfiguration;
			buildSettings = {
				GCC_PRECOMPILE_PREFIX_HEADER = YES;
				GCC_PREFIX_HEADER = "NavigationTest/NavigationTest-Prefix.pch";
				INFOPLIST_FILE = "NavigationTest/NavigationTest-Info.plist";
				PRODUCT_NAME = "$(TARGET_NAME)";
				WRAPPER_EXTENSION = app;
			};
			name = Release;
		};
/* End XCBuildConfiguration section */

/* Begin XCConfigurationList section */
		A26DE59615C9C9EB0086B762 /* Build configuration list for PBXProject "NavigationTest" */ = {
			isa = XCConfigurationList;
			buildConfigurations = (
				A26DE5BB15C9C9EB0086B762 /* Debug */,
				A26DE5BC15C9C9EB0086B762 /* Release */,
			);
			defaultConfigurationIsVisible = 0;
			defaultConfigurationName = Release;
		};
		A26DE5BD15C9C9EB0086B762 /* Build configuration list for PBXNativeTarget "NavigationTest" */ = {
			isa = XCConfigurationList;
			buildConfigurations = (
				A26DE5BE15C9C9EB0086B762 /* Debug */,
				A26DE5BF15C9C9EB0086B762 /* Release */,
			);
			defaultConfigurationIsVisible = 0;
		};
/* End XCConfigurationList section */
	};
	rootObject = A26DE59315C9C9EB0086B762 /* Project object */;
}
